
Microsoft Visual Studio Solution File, Format Version 12.00
# Visual Studio Version 16
VisualStudioVersion = 16.0.28606.126
MinimumVisualStudioVersion = 10.0.40219.1
Project("{9A19103F-16F7-4668-BE54-9A1E7A4F7556}") = "BookRentals.Web", "BookRentals.Web\BookRentals.Web.csproj", "{504C9BB3-7816-4565-85F1-1C100A629046}"
EndProject
Project("{9A19103F-16F7-4668-BE54-9A1E7A4F7556}") = "BookRentals.Bookings.API", "BookRentals.Bookings.API\BookRentals.Bookings.API.csproj", "{A145E638-15D6-499A-887F-C59BDBB4E854}"
EndProject
Project("{2150E333-8FDC-42A3-9474-1A3956D46DE8}") = "Modules", "Modules", "{D5F69AEB-780F-40DC-B83A-28314CE359FC}"
EndProject
Project("{2150E333-8FDC-42A3-9474-1A3956D46DE8}") = "Web", "Web", "{3640276C-9886-40AC-8A7B-80ABF33CDF97}"
EndProject
Project("{2150E333-8FDC-42A3-9474-1A3956D46DE8}") = "Bookings", "Bookings", "{A1BCC49F-60B1-4765-A76F-6190B1EB79E9}"
EndProject
Project("{9A19103F-16F7-4668-BE54-9A1E7A4F7556}") = "BookRentals.Bookings.Domain", "BookRentals.Bookings.Domain\BookRentals.Bookings.Domain.csproj", "{F428C9D7-8CE2-4C62-90F4-B884A7D056A2}"
EndProject
Project("{9A19103F-16F7-4668-BE54-9A1E7A4F7556}") = "BookRentals.Bookings.Infrastructure", "BookRentals.Bookings.Infrastructure\BookRentals.Bookings.Infrastructure.csproj", "{51749D41-6C5A-4872-ADED-EFF9B6F5065D}"
EndProject
Project("{2150E333-8FDC-42A3-9474-1A3956D46DE8}") = "b", "b", "{3D4A5065-7863-4FEE-B9AC-1982FDF1C300}"
	ProjectSection(SolutionItems) = preProject
		..\Readme.md = ..\Readme.md
	EndProjectSection
EndProject
Global
	GlobalSection(SolutionConfigurationPlatforms) = preSolution
		Debug|Any CPU = Debug|Any CPU
		Release|Any CPU = Release|Any CPU
	EndGlobalSection
	GlobalSection(ProjectConfigurationPlatforms) = postSolution
		{504C9BB3-7816-4565-85F1-1C100A629046}.Debug|Any CPU.ActiveCfg = Debug|Any CPU
		{504C9BB3-7816-4565-85F1-1C100A629046}.Debug|Any CPU.Build.0 = Debug|Any CPU
		{504C9BB3-7816-4565-85F1-1C100A629046}.Release|Any CPU.ActiveCfg = Release|Any CPU
		{504C9BB3-7816-4565-85F1-1C100A629046}.Release|Any CPU.Build.0 = Release|Any CPU
		{A145E638-15D6-499A-887F-C59BDBB4E854}.Debug|Any CPU.ActiveCfg = Debug|Any CPU
		{A145E638-15D6-499A-887F-C59BDBB4E854}.Debug|Any CPU.Build.0 = Debug|Any CPU
		{A145E638-15D6-499A-887F-C59BDBB4E854}.Release|Any CPU.ActiveCfg = Release|Any CPU
		{A145E638-15D6-499A-887F-C59BDBB4E854}.Release|Any CPU.Build.0 = Release|Any CPU
		{F428C9D7-8CE2-4C62-90F4-B884A7D056A2}.Debug|Any CPU.ActiveCfg = Debug|Any CPU
		{F428C9D7-8CE2-4C62-90F4-B884A7D056A2}.Debug|Any CPU.Build.0 = Debug|Any CPU
		{F428C9D7-8CE2-4C62-90F4-B884A7D056A2}.Release|Any CPU.ActiveCfg = Release|Any CPU
		{F428C9D7-8CE2-4C62-90F4-B884A7D056A2}.Release|Any CPU.Build.0 = Release|Any CPU
		{51749D41-6C5A-4872-ADED-EFF9B6F5065D}.Debug|Any CPU.ActiveCfg = Debug|Any CPU
		{51749D41-6C5A-4872-ADED-EFF9B6F5065D}.Debug|Any CPU.Build.0 = Debug|Any CPU
		{51749D41-6C5A-4872-ADED-EFF9B6F5065D}.Release|Any CPU.ActiveCfg = Release|Any CPU
		{51749D41-6C5A-4872-ADED-EFF9B6F5065D}.Release|Any CPU.Build.0 = Release|Any CPU
	EndGlobalSection
	GlobalSection(SolutionProperties) = preSolution
		HideSolutionNode = FALSE
	EndGlobalSection
	GlobalSection(NestedProjects) = preSolution
		{504C9BB3-7816-4565-85F1-1C100A629046} = {3640276C-9886-40AC-8A7B-80ABF33CDF97}
		{A145E638-15D6-499A-887F-C59BDBB4E854} = {A1BCC49F-60B1-4765-A76F-6190B1EB79E9}
		{A1BCC49F-60B1-4765-A76F-6190B1EB79E9} = {D5F69AEB-780F-40DC-B83A-28314CE359FC}
		{F428C9D7-8CE2-4C62-90F4-B884A7D056A2} = {A1BCC49F-60B1-4765-A76F-6190B1EB79E9}
		{51749D41-6C5A-4872-ADED-EFF9B6F5065D} = {A1BCC49F-60B1-4765-A76F-6190B1EB79E9}
	EndGlobalSection
	GlobalSection(ExtensibilityGlobals) = postSolution
		SolutionGuid = {D50850E7-492F-4270-8E03-F5F3561FD34C}
	EndGlobalSection
EndGlobal
