
Microsoft Visual Studio Solution File, Format Version 12.00
# Visual Studio 15
VisualStudioVersion = 15.0.26730.16
MinimumVisualStudioVersion = 10.0.40219.1
Project("{FAE04EC0-301F-11D3-BF4B-00C04F79EFBC}") = "BookRentals.Api", "BookRentals.Api\BookRentals.Api.csproj", "{9C5F1044-60B7-4EFE-9ACE-91EA41AD5ED0}"
EndProject
Project("{FAE04EC0-301F-11D3-BF4B-00C04F79EFBC}") = "BookRentals.Web", "BookRentals.Web\BookRentals.Web.csproj", "{F589E3CC-3602-4950-8017-2932692105CB}"
EndProject
Global
	GlobalSection(SolutionConfigurationPlatforms) = preSolution
		Debug|Any CPU = Debug|Any CPU
		Release|Any CPU = Release|Any CPU
	EndGlobalSection
	GlobalSection(ProjectConfigurationPlatforms) = postSolution
		{9C5F1044-60B7-4EFE-9ACE-91EA41AD5ED0}.Debug|Any CPU.ActiveCfg = Debug|Any CPU
		{9C5F1044-60B7-4EFE-9ACE-91EA41AD5ED0}.Debug|Any CPU.Build.0 = Debug|Any CPU
		{9C5F1044-60B7-4EFE-9ACE-91EA41AD5ED0}.Release|Any CPU.ActiveCfg = Release|Any CPU
		{9C5F1044-60B7-4EFE-9ACE-91EA41AD5ED0}.Release|Any CPU.Build.0 = Release|Any CPU
		{F589E3CC-3602-4950-8017-2932692105CB}.Debug|Any CPU.ActiveCfg = Debug|Any CPU
		{F589E3CC-3602-4950-8017-2932692105CB}.Debug|Any CPU.Build.0 = Debug|Any CPU
		{F589E3CC-3602-4950-8017-2932692105CB}.Release|Any CPU.ActiveCfg = Release|Any CPU
		{F589E3CC-3602-4950-8017-2932692105CB}.Release|Any CPU.Build.0 = Release|Any CPU
	EndGlobalSection
	GlobalSection(SolutionProperties) = preSolution
		HideSolutionNode = FALSE
	EndGlobalSection
	GlobalSection(ExtensibilityGlobals) = postSolution
		SolutionGuid = {D50850E7-492F-4270-8E03-F5F3561FD34C}
	EndGlobalSection
EndGlobal
