
Microsoft Visual Studio Solution File, Format Version 12.00
# Visual Studio Version 16
VisualStudioVersion = 16.0.28606.126
MinimumVisualStudioVersion = 10.0.40219.1
Project("{9A19103F-16F7-4668-BE54-9A1E7A4F7556}") = "BookRentals.Web", "BookRentals.Web\BookRentals.Web.csproj", "{504C9BB3-7816-4565-85F1-1C100A629046}"
EndProject
Project("{9A19103F-16F7-4668-BE54-9A1E7A4F7556}") = "BookRentals.Bookings.API", "BookRentals.Bookings.API\BookRentals.Bookings.API.csproj", "{A145E638-15D6-499A-887F-C59BDBB4E854}"
EndProject
Project("{2150E333-8FDC-42A3-9474-1A3956D46DE8}") = "Modules", "Modules", "{D5F69AEB-780F-40DC-B83A-28314CE359FC}"
EndProject
Project("{2150E333-8FDC-42A3-9474-1A3956D46DE8}") = "Web", "Web", "{3640276C-9886-40AC-8A7B-80ABF33CDF97}"
EndProject
Project("{2150E333-8FDC-42A3-9474-1A3956D46DE8}") = "Bookings", "Bookings", "{A1BCC49F-60B1-4765-A76F-6190B1EB79E9}"
EndProject
Project("{9A19103F-16F7-4668-BE54-9A1E7A4F7556}") = "BookRentals.Bookings.Domain", "BookRentals.Bookings.Domain\BookRentals.Bookings.Domain.csproj", "{F428C9D7-8CE2-4C62-90F4-B884A7D056A2}"
EndProject
Project("{9A19103F-16F7-4668-BE54-9A1E7A4F7556}") = "BookRentals.Bookings.Infrastructure", "BookRentals.Bookings.Infrastructure\BookRentals.Bookings.Infrastructure.csproj", "{51749D41-6C5A-4872-ADED-EFF9B6F5065D}"
EndProject
Project("{2150E333-8FDC-42A3-9474-1A3956D46DE8}") = "Core", "Core", "{84DA23D6-ECED-4C25-9BD7-9CE5175214AF}"
EndProject
Project("{9A19103F-16F7-4668-BE54-9A1E7A4F7556}") = "BookRentals.Core", "BookRentals.Core\BookRentals.Core.csproj", "{C58E7419-8677-4FAA-8CDB-0C157CEDC40B}"
EndProject
Project("{9A19103F-16F7-4668-BE54-9A1E7A4F7556}") = "BookRentals.Membership.Infrastructure", "BookRentals.Membership.Infrastructure\BookRentals.Membership.Infrastructure.csproj", "{E04AE925-4D42-48D6-8A1E-05052EC5345D}"
EndProject
Project("{2150E333-8FDC-42A3-9474-1A3956D46DE8}") = "Membership", "Membership", "{B7E20276-5771-4F86-A79D-1BD5BE020A32}"
EndProject
Project("{9A19103F-16F7-4668-BE54-9A1E7A4F7556}") = "BookRentals.Membership.Domain", "BookRentals.Membership.Domain\BookRentals.Membership.Domain.csproj", "{918E2D64-BC92-4640-AEF6-D7FFD005C599}"
EndProject
Project("{9A19103F-16F7-4668-BE54-9A1E7A4F7556}") = "BookRentals.Membership.API", "BookRentals.Membership.API\BookRentals.Membership.API.csproj", "{6CCA6D37-A549-4A1C-8764-5DE7D08130E2}"
EndProject
Project("{FAE04EC0-301F-11D3-BF4B-00C04F79EFBC}") = "BookRentals.Core.Infrastructure", "BookRentals.Core.Infrastructure\BookRentals.Core.Infrastructure.csproj", "{ADB2D558-4394-4C08-A826-7DC79EDB1F19}"
EndProject
Global
	GlobalSection(SolutionConfigurationPlatforms) = preSolution
		Debug|Any CPU = Debug|Any CPU
		Release|Any CPU = Release|Any CPU
	EndGlobalSection
	GlobalSection(ProjectConfigurationPlatforms) = postSolution
		{504C9BB3-7816-4565-85F1-1C100A629046}.Debug|Any CPU.ActiveCfg = Debug|Any CPU
		{504C9BB3-7816-4565-85F1-1C100A629046}.Debug|Any CPU.Build.0 = Debug|Any CPU
		{504C9BB3-7816-4565-85F1-1C100A629046}.Release|Any CPU.ActiveCfg = Release|Any CPU
		{504C9BB3-7816-4565-85F1-1C100A629046}.Release|Any CPU.Build.0 = Release|Any CPU
		{A145E638-15D6-499A-887F-C59BDBB4E854}.Debug|Any CPU.ActiveCfg = Debug|Any CPU
		{A145E638-15D6-499A-887F-C59BDBB4E854}.Debug|Any CPU.Build.0 = Debug|Any CPU
		{A145E638-15D6-499A-887F-C59BDBB4E854}.Release|Any CPU.ActiveCfg = Release|Any CPU
		{A145E638-15D6-499A-887F-C59BDBB4E854}.Release|Any CPU.Build.0 = Release|Any CPU
		{F428C9D7-8CE2-4C62-90F4-B884A7D056A2}.Debug|Any CPU.ActiveCfg = Debug|Any CPU
		{F428C9D7-8CE2-4C62-90F4-B884A7D056A2}.Debug|Any CPU.Build.0 = Debug|Any CPU
		{F428C9D7-8CE2-4C62-90F4-B884A7D056A2}.Release|Any CPU.ActiveCfg = Release|Any CPU
		{F428C9D7-8CE2-4C62-90F4-B884A7D056A2}.Release|Any CPU.Build.0 = Release|Any CPU
		{51749D41-6C5A-4872-ADED-EFF9B6F5065D}.Debug|Any CPU.ActiveCfg = Debug|Any CPU
		{51749D41-6C5A-4872-ADED-EFF9B6F5065D}.Debug|Any CPU.Build.0 = Debug|Any CPU
		{51749D41-6C5A-4872-ADED-EFF9B6F5065D}.Release|Any CPU.ActiveCfg = Release|Any CPU
		{51749D41-6C5A-4872-ADED-EFF9B6F5065D}.Release|Any CPU.Build.0 = Release|Any CPU
		{C58E7419-8677-4FAA-8CDB-0C157CEDC40B}.Debug|Any CPU.ActiveCfg = Debug|Any CPU
		{C58E7419-8677-4FAA-8CDB-0C157CEDC40B}.Debug|Any CPU.Build.0 = Debug|Any CPU
		{C58E7419-8677-4FAA-8CDB-0C157CEDC40B}.Release|Any CPU.ActiveCfg = Release|Any CPU
		{C58E7419-8677-4FAA-8CDB-0C157CEDC40B}.Release|Any CPU.Build.0 = Release|Any CPU
		{E04AE925-4D42-48D6-8A1E-05052EC5345D}.Debug|Any CPU.ActiveCfg = Debug|Any CPU
		{E04AE925-4D42-48D6-8A1E-05052EC5345D}.Debug|Any CPU.Build.0 = Debug|Any CPU
		{E04AE925-4D42-48D6-8A1E-05052EC5345D}.Release|Any CPU.ActiveCfg = Release|Any CPU
		{E04AE925-4D42-48D6-8A1E-05052EC5345D}.Release|Any CPU.Build.0 = Release|Any CPU
		{918E2D64-BC92-4640-AEF6-D7FFD005C599}.Debug|Any CPU.ActiveCfg = Debug|Any CPU
		{918E2D64-BC92-4640-AEF6-D7FFD005C599}.Debug|Any CPU.Build.0 = Debug|Any CPU
		{918E2D64-BC92-4640-AEF6-D7FFD005C599}.Release|Any CPU.ActiveCfg = Release|Any CPU
		{918E2D64-BC92-4640-AEF6-D7FFD005C599}.Release|Any CPU.Build.0 = Release|Any CPU
		{6CCA6D37-A549-4A1C-8764-5DE7D08130E2}.Debug|Any CPU.ActiveCfg = Debug|Any CPU
		{6CCA6D37-A549-4A1C-8764-5DE7D08130E2}.Debug|Any CPU.Build.0 = Debug|Any CPU
		{6CCA6D37-A549-4A1C-8764-5DE7D08130E2}.Release|Any CPU.ActiveCfg = Release|Any CPU
		{6CCA6D37-A549-4A1C-8764-5DE7D08130E2}.Release|Any CPU.Build.0 = Release|Any CPU
		{ADB2D558-4394-4C08-A826-7DC79EDB1F19}.Debug|Any CPU.ActiveCfg = Debug|Any CPU
		{ADB2D558-4394-4C08-A826-7DC79EDB1F19}.Debug|Any CPU.Build.0 = Debug|Any CPU
		{ADB2D558-4394-4C08-A826-7DC79EDB1F19}.Release|Any CPU.ActiveCfg = Release|Any CPU
		{ADB2D558-4394-4C08-A826-7DC79EDB1F19}.Release|Any CPU.Build.0 = Release|Any CPU
	EndGlobalSection
	GlobalSection(SolutionProperties) = preSolution
		HideSolutionNode = FALSE
	EndGlobalSection
	GlobalSection(NestedProjects) = preSolution
		{504C9BB3-7816-4565-85F1-1C100A629046} = {3640276C-9886-40AC-8A7B-80ABF33CDF97}
		{A145E638-15D6-499A-887F-C59BDBB4E854} = {A1BCC49F-60B1-4765-A76F-6190B1EB79E9}
		{A1BCC49F-60B1-4765-A76F-6190B1EB79E9} = {D5F69AEB-780F-40DC-B83A-28314CE359FC}
		{F428C9D7-8CE2-4C62-90F4-B884A7D056A2} = {A1BCC49F-60B1-4765-A76F-6190B1EB79E9}
		{51749D41-6C5A-4872-ADED-EFF9B6F5065D} = {A1BCC49F-60B1-4765-A76F-6190B1EB79E9}
		{84DA23D6-ECED-4C25-9BD7-9CE5175214AF} = {D5F69AEB-780F-40DC-B83A-28314CE359FC}
		{C58E7419-8677-4FAA-8CDB-0C157CEDC40B} = {84DA23D6-ECED-4C25-9BD7-9CE5175214AF}
		{E04AE925-4D42-48D6-8A1E-05052EC5345D} = {B7E20276-5771-4F86-A79D-1BD5BE020A32}
		{B7E20276-5771-4F86-A79D-1BD5BE020A32} = {D5F69AEB-780F-40DC-B83A-28314CE359FC}
		{918E2D64-BC92-4640-AEF6-D7FFD005C599} = {B7E20276-5771-4F86-A79D-1BD5BE020A32}
		{6CCA6D37-A549-4A1C-8764-5DE7D08130E2} = {B7E20276-5771-4F86-A79D-1BD5BE020A32}
		{ADB2D558-4394-4C08-A826-7DC79EDB1F19} = {84DA23D6-ECED-4C25-9BD7-9CE5175214AF}
	EndGlobalSection
	GlobalSection(ExtensibilityGlobals) = postSolution
		SolutionGuid = {D50850E7-492F-4270-8E03-F5F3561FD34C}
	EndGlobalSection
EndGlobal
